<?xml version="1.0" encoding="utf-8"?>
<Project ToolsVersion="4.0" xmlns="http://schemas.microsoft.com/developer/msbuild/2003">
  <ItemGroup>
    <Filter Include="소스 파일">
      <UniqueIdentifier>{4FC737F1-C7A5-4376-A066-2A32D752A2FF}</UniqueIdentifier>
      <Extensions>cpp;c;cc;cxx;c++;cppm;ixx;def;odl;idl;hpj;bat;asm;asmx</Extensions>
    </Filter>
    <Filter Include="리소스 파일">
      <UniqueIdentifier>{67DA6AB6-F800-4c08-8B7A-83BB121AAD01}</UniqueIdentifier>
      <Extensions>rc;ico;cur;bmp;dlg;rc2;rct;bin;rgs;gif;jpg;jpeg;jpe;resx;tiff;tif;png;wav;mfcribbon-ms</Extensions>
    </Filter>
  </ItemGroup>
  <ItemGroup>
    <ClCompile Include="d3dclass.cpp">
      <Filter>소스 파일</Filter>
    </ClCompile>
    <ClCompile Include="graphicsclass.cpp">
      <Filter>소스 파일</Filter>
    </ClCompile>
    <ClCompile Include="inputclass.cpp">
      <Filter>소스 파일</Filter>
    </ClCompile>
    <ClCompile Include="main.cpp">
      <Filter>소스 파일</Filter>
    </ClCompile>
    <ClCompile Include="systemclass.cpp">
      <Filter>소스 파일</Filter>
    </ClCompile>
    <ClCompile Include="cameraclass.cpp">
      <Filter>소스 파일</Filter>
    </ClCompile>
    <ClCompile Include="modelclass.cpp">
      <Filter>소스 파일</Filter>
    </ClCompile>
    <ClCompile Include="textureclass.cpp">
      <Filter>소스 파일</Filter>
    </ClCompile>
    <ClCompile Include="lightclass.cpp">
      <Filter>소스 파일</Filter>
    </ClCompile>
    <ClCompile Include="lightshaderclass.cpp">
      <Filter>소스 파일</Filter>
    </ClCompile>
    <ClCompile Include="DDSTextureLoader.cpp">
      <Filter>소스 파일</Filter>
    </ClCompile>
    <ClCompile Include="PointLightClass.cpp">
      <Filter>소스 파일</Filter>
    </ClCompile>
    <ClCompile Include="TextureArrayClass.cpp">
      <Filter>소스 파일</Filter>
    </ClCompile>
    <ClCompile Include="SoundClass.cpp">
      <Filter>소스 파일</Filter>
    </ClCompile>
    <ClCompile Include="SkyboxShaderClass.cpp">
      <Filter>소스 파일</Filter>
    </ClCompile>
    <ClCompile Include="TextClass.cpp">
      <Filter>소스 파일</Filter>
    </ClCompile>
    <ClCompile Include="FontClass.cpp">
      <Filter>소스 파일</Filter>
    </ClCompile>
    <ClCompile Include="FontShaderClass.cpp">
      <Filter>소스 파일</Filter>
    </ClCompile>
    <ClCompile Include="ScreenSizeText.cpp">
      <Filter>소스 파일</Filter>
    </ClCompile>
    <ClCompile Include="ObjCountText.cpp">
      <Filter>소스 파일</Filter>
    </ClCompile>
    <ClCompile Include="PolyCountText.cpp">
      <Filter>소스 파일</Filter>
    </ClCompile>
    <ClCompile Include="CpuClass.cpp">
      <Filter>소스 파일</Filter>
    </ClCompile>
    <ClCompile Include="CPUText.cpp">
      <Filter>소스 파일</Filter>
    </ClCompile>
    <ClCompile Include="TimerClass.cpp">
      <Filter>소스 파일</Filter>
    </ClCompile>
    <ClCompile Include="FpsClass.cpp">
      <Filter>소스 파일</Filter>
    </ClCompile>
    <ClCompile Include="FpsText.cpp">
      <Filter>소스 파일</Filter>
    </ClCompile>
    <ClCompile Include="BitmapClassOrtho.cpp">
      <Filter>소스 파일</Filter>
    </ClCompile>
    <ClCompile Include="Title.cpp">
      <Filter>소스 파일</Filter>
    </ClCompile>
    <ClCompile Include="BitmapShaderClass.cpp">
      <Filter>소스 파일</Filter>
    </ClCompile>
    <ClCompile Include="modelclassFBX.cpp">
      <Filter>소스 파일</Filter>
    </ClCompile>
    <ClCompile Include="Textureshaderclass.cpp">
      <Filter>소스 파일</Filter>
    </ClCompile>
    <ClCompile Include="ModelLoader.cpp">
      <Filter>소스 파일</Filter>
    </ClCompile>
    <ClCompile Include="SkinModel.cpp">
      <Filter>소스 파일</Filter>
    </ClCompile>
    <ClCompile Include="BaseModel.cpp">
      <Filter>소스 파일</Filter>
    </ClCompile>
    <ClCompile Include="RMTexture.cpp">
      <Filter>소스 파일</Filter>
    </ClCompile>
    <ClCompile Include="MYUTIL.cpp">
      <Filter>소스 파일</Filter>
    </ClCompile>
    <ClCompile Include="Shader.cpp">
      <Filter>소스 파일</Filter>
    </ClCompile>
    <ClCompile Include="Animation.cpp">
      <Filter>소스 파일</Filter>
    </ClCompile>
    <ClCompile Include="pch.cpp">
      <Filter>소스 파일</Filter>
    </ClCompile>
    <ClCompile Include="RMShader.cpp">
      <Filter>소스 파일</Filter>
    </ClCompile>
    <ClCompile Include="RMModel.cpp">
      <Filter>소스 파일</Filter>
    </ClCompile>
    <ClCompile Include="TimeManager.cpp">
      <Filter>소스 파일</Filter>
    </ClCompile>
    <ClCompile Include="oldLightShader.cpp">
      <Filter>소스 파일</Filter>
    </ClCompile>
  </ItemGroup>
  <ItemGroup>
    <ClInclude Include="d3dclass.h">
      <Filter>소스 파일</Filter>
    </ClInclude>
    <ClInclude Include="graphicsclass.h">
      <Filter>소스 파일</Filter>
    </ClInclude>
    <ClInclude Include="inputclass.h">
      <Filter>소스 파일</Filter>
    </ClInclude>
    <ClInclude Include="systemclass.h">
      <Filter>소스 파일</Filter>
    </ClInclude>
    <ClInclude Include="AlignedAllocationPolicy.h">
      <Filter>소스 파일</Filter>
    </ClInclude>
    <ClInclude Include="cameraclass.h">
      <Filter>소스 파일</Filter>
    </ClInclude>
    <ClInclude Include="modelclass.h">
      <Filter>소스 파일</Filter>
    </ClInclude>
    <ClInclude Include="textureclass.h">
      <Filter>소스 파일</Filter>
    </ClInclude>
    <ClInclude Include="lightclass.h">
      <Filter>소스 파일</Filter>
    </ClInclude>
    <ClInclude Include="lightshaderclass.h">
      <Filter>소스 파일</Filter>
    </ClInclude>
    <ClInclude Include="DDSTextureLoader.h">
      <Filter>소스 파일</Filter>
    </ClInclude>
    <ClInclude Include="PointLightClass.h" />
    <ClInclude Include="TextureArrayClass.h" />
    <ClInclude Include="SoundClass.h" />
    <ClInclude Include="resource.h" />
    <ClInclude Include="SkyboxShaderClass.h" />
    <ClInclude Include="TextClass.h" />
    <ClInclude Include="FontClass.h" />
    <ClInclude Include="FontShaderClass.h" />
    <ClInclude Include="ScreenSizeText.h" />
    <ClInclude Include="ObjCountText.h" />
    <ClInclude Include="PolyCountText.h" />
    <ClInclude Include="CpuClass.h" />
    <ClInclude Include="CPUText.h" />
    <ClInclude Include="TimerClass.h" />
    <ClInclude Include="FpsClass.h" />
    <ClInclude Include="FpsText.h" />
    <ClInclude Include="BitmapClassOrtho.h" />
    <ClInclude Include="Title.h" />
    <ClInclude Include="BitmapShaderClass.h" />
    <ClInclude Include="modelclassFBX.h" />
    <ClInclude Include="Textureshaderclass.h" />
    <ClInclude Include="ModelLoader.h" />
    <ClInclude Include="SkinModel.h" />
    <ClInclude Include="BaseModel.h" />
    <ClInclude Include="ModelStructure.h" />
    <ClInclude Include="RMTexture.h" />
    <ClInclude Include="ResourceManager.h" />
    <ClInclude Include="SingletonBase.h" />
    <ClInclude Include="MYUTIL.h" />
    <ClInclude Include="Shader.h" />
    <ClInclude Include="Animation.h" />
    <ClInclude Include="pch.h">
      <Filter>소스 파일</Filter>
    </ClInclude>
    <ClInclude Include="RMShader.h" />
    <ClInclude Include="RMModel.h" />
    <ClInclude Include="TimeManager.h" />
    <ClInclude Include="oldLightShader.h" />
  </ItemGroup>
  <ItemGroup>
    <Image Include="data\font.dds">
      <Filter>리소스 파일</Filter>
    </Image>
    <Image Include="data\land33.dds">
      <Filter>리소스 파일</Filter>
    </Image>
    <Image Include="data\land4.dds">
      <Filter>리소스 파일</Filter>
    </Image>
    <Image Include="data\land4 (1).png">
      <Filter>리소스 파일</Filter>
    </Image>
    <Image Include="data\land4Diffuse (1).png">
      <Filter>리소스 파일</Filter>
    </Image>
  </ItemGroup>
  <ItemGroup>
    <Media Include="data\sound02.wav">
      <Filter>리소스 파일</Filter>
    </Media>
  </ItemGroup>
  <ItemGroup>
    <None Include="data\phongLightShader2.hlsl">
      <Filter>리소스 파일</Filter>
    </None>
    <None Include="data\skyBoxShader.hlsl">
      <Filter>리소스 파일</Filter>
    </None>
    <None Include="data\fontShader.hlsl">
      <Filter>리소스 파일</Filter>
    </None>
    <None Include="data\textureShader.hlsl">
      <Filter>리소스 파일</Filter>
    </None>
    <None Include="textureShader2.hlsl">
      <Filter>리소스 파일</Filter>
    </None>
    <None Include="skinShader.hlsl">
      <Filter>리소스 파일</Filter>
    </None>
    <None Include="oldphongLightShader.hlsl">
      <Filter>리소스 파일</Filter>
    </None>
  </ItemGroup>
  <ItemGroup>
    <ResourceCompile Include="Framework.rc">
      <Filter>리소스 파일</Filter>
    </ResourceCompile>
  </ItemGroup>
  <ItemGroup>
    <Text Include="data\fontdata.txt">
      <Filter>리소스 파일</Filter>
    </Text>
  </ItemGroup>
</Project>